Microsoft Visual Studio Solution File, Format Version 12.00
# Visual Studio Version 18
VisualStudioVersion = 18.4.11605.240
MinimumVisualStudioVersion = 10.0.40219.1
Project("{2150E333-8FDC-42A3-9474-1A3956D46DE8}") = "Core", "Core", "{A1B2C3D4-E5F6-7890-ABCD-EF1234567890}"
EndProject
Project("{9A19103F-16F7-4668-BE54-9A1E7A4F7556}") = "EasyTool.Core", "EasyTool.Core\EasyTool.Core.csproj", "{ACA106C6-039B-425C-89F9-7FE9042DC3C3}"
EndProject
Project("{2150E333-8FDC-42A3-9474-1A3956D46DE8}") = "Extensions", "Extensions", "{B2C3D4E5-F6A7-8901-BCDE-F12345678901}"
EndProject
Project("{FAE04EC0-301F-11D3-BF4B-00C04F79EFBC}") = "EasyTool.AI", "EasyTool.AI\EasyTool.AI.csproj", "{C4F23A9E-7E08-45E5-927C-78EBA1994127}"
EndProject
Project("{9A19103F-16F7-4668-BE54-9A1E7A4F7556}") = "EasyTool.EmitMapper", "EasyTool.EmitMapper\EasyTool.EmitMapper.csproj", "{986FCBD3-2A69-4012-BE41-FB4FF2906A05}"
EndProject
Project("{9A19103F-16F7-4668-BE54-9A1E7A4F7556}") = "EasyTool.Image", "EasyTool.Image\EasyTool.Image.csproj", "{F7AEE692-A41F-4B64-A659-B3F92EA03429}"
EndProject
Project("{FAE04EC0-301F-11D3-BF4B-00C04F79EFBC}") = "EasyTool.Media", "EasyTool.Media\EasyTool.Media.csproj", "{E3B8831D-A2A2-4575-BA6F-F9B0052BB5F8}"
EndProject
Project("{9A19103F-16F7-4668-BE54-9A1E7A4F7556}") = "EasyTool.NPOI", "EasyTool.NPOI\EasyTool.NPOI.csproj", "{573938DD-661A-4074-8A62-4FC651E97E13}"
EndProject
Project("{FAE04EC0-301F-11D3-BF4B-00C04F79EFBC}") = "EasyTool.System", "EasyTool.System\EasyTool.System.csproj", "{68B9437E-9CF6-4897-B764-F2B953AF6F65}"
EndProject
Project("{9A19103F-16F7-4668-BE54-9A1E7A4F7556}") = "EasyTool.Web", "EasyTool.Web\EasyTool.Web.csproj", "{578D6FC8-C937-4FAE-B776-9E52043BA8E0}"
EndProject
Project("{2150E333-8FDC-42A3-9474-1A3956D46DE8}") = "Integration", "Integration", "{C3D4E5F6-A7B8-9012-CDEF-123456789012}"
EndProject
Project("{FAE04EC0-301F-11D3-BF4B-00C04F79EFBC}") = "EasyTool.All", "EasyTool.All\EasyTool.All.csproj", "{40DC90EC-D35A-4C66-840F-D3AD9E81BE48}"
EndProject
Project("{2150E333-8FDC-42A3-9474-1A3956D46DE8}") = "Tests", "Tests", "{D4E5F6A7-B8C9-0123-DEF0-234567890123}"
EndProject
Project("{FAE04EC0-301F-11D3-BF4B-00C04F79EFBC}") = "EasyTool.UnitTests", "EasyTool.UnitTests\EasyTool.UnitTests.csproj", "{62DF62AB-A5F6-4315-BC50-4A6C1B2808C5}"
EndProject
Project("{2150E333-8FDC-42A3-9474-1A3956D46DE8}") = ".Solution Items", ".Solution Items", "{3AAFA03F-D79E-4D6D-A43B-021394F8537D}"
	ProjectSection(SolutionItems) = preProject
		.editorconfig = .editorconfig
		.gitignore = .gitignore
		CHANGELOG.md = CHANGELOG.md
		Directory.Build.props = Directory.Build.props
		Directory.Packages.props = Directory.Packages.props
		LICENSE = LICENSE
		README.md = README.md
		README.EN-US.md = README.EN-US.md
		logo.png = logo.png
	EndProjectSection
EndProject
Global
	GlobalSection(SolutionConfigurationPlatforms) = preSolution
		Debug|Any CPU = Debug|Any CPU
		Debug|x64 = Debug|x64
		Debug|x86 = Debug|x86
		Release|Any CPU = Release|Any CPU
		Release|x64 = Release|x64
		Release|x86 = Release|x86
	EndGlobalSection
	GlobalSection(ProjectConfigurationPlatforms) = postSolution
		{ACA106C6-039B-425C-89F9-7FE9042DC3C3}.Debug|Any CPU.ActiveCfg = Debug|Any CPU
		{ACA106C6-039B-425C-89F9-7FE9042DC3C3}.Debug|Any CPU.Build.0 = Debug|Any CPU
		{ACA106C6-039B-425C-89F9-7FE9042DC3C3}.Debug|x64.ActiveCfg = Debug|Any CPU
		{ACA106C6-039B-425C-89F9-7FE9042DC3C3}.Debug|x64.Build.0 = Debug|Any CPU
		{ACA106C6-039B-425C-89F9-7FE9042DC3C3}.Debug|x86.ActiveCfg = Debug|Any CPU
		{ACA106C6-039B-425C-89F9-7FE9042DC3C3}.Debug|x86.Build.0 = Debug|Any CPU
		{ACA106C6-039B-425C-89F9-7FE9042DC3C3}.Release|Any CPU.ActiveCfg = Release|Any CPU
		{ACA106C6-039B-425C-89F9-7FE9042DC3C3}.Release|Any CPU.Build.0 = Release|Any CPU
		{ACA106C6-039B-425C-89F9-7FE9042DC3C3}.Release|x64.ActiveCfg = Release|Any CPU
		{ACA106C6-039B-425C-89F9-7FE9042DC3C3}.Release|x64.Build.0 = Release|Any CPU
		{ACA106C6-039B-425C-89F9-7FE9042DC3C3}.Release|x86.ActiveCfg = Release|Any CPU
		{ACA106C6-039B-425C-89F9-7FE9042DC3C3}.Release|x86.Build.0 = Release|Any CPU
		{C4F23A9E-7E08-45E5-927C-78EBA1994127}.Debug|Any CPU.ActiveCfg = Debug|Any CPU
		{C4F23A9E-7E08-45E5-927C-78EBA1994127}.Debug|Any CPU.Build.0 = Debug|Any CPU
		{C4F23A9E-7E08-45E5-927C-78EBA1994127}.Debug|x64.ActiveCfg = Debug|Any CPU
		{C4F23A9E-7E08-45E5-927C-78EBA1994127}.Debug|x64.Build.0 = Debug|Any CPU
		{C4F23A9E-7E08-45E5-927C-78EBA1994127}.Debug|x86.ActiveCfg = Debug|Any CPU
		{C4F23A9E-7E08-45E5-927C-78EBA1994127}.Debug|x86.Build.0 = Debug|Any CPU
		{C4F23A9E-7E08-45E5-927C-78EBA1994127}.Release|Any CPU.ActiveCfg = Release|Any CPU
		{C4F23A9E-7E08-45E5-927C-78EBA1994127}.Release|Any CPU.Build.0 = Release|Any CPU
		{C4F23A9E-7E08-45E5-927C-78EBA1994127}.Release|x64.ActiveCfg = Release|Any CPU
		{C4F23A9E-7E08-45E5-927C-78EBA1994127}.Release|x64.Build.0 = Release|Any CPU
		{C4F23A9E-7E08-45E5-927C-78EBA1994127}.Release|x86.ActiveCfg = Release|Any CPU
		{C4F23A9E-7E08-45E5-927C-78EBA1994127}.Release|x86.Build.0 = Release|Any CPU
		{986FCBD3-2A69-4012-BE41-FB4FF2906A05}.Debug|Any CPU.ActiveCfg = Debug|Any CPU
		{986FCBD3-2A69-4012-BE41-FB4FF2906A05}.Debug|Any CPU.Build.0 = Debug|Any CPU
		{986FCBD3-2A69-4012-BE41-FB4FF2906A05}.Debug|x64.ActiveCfg = Debug|Any CPU
		{986FCBD3-2A69-4012-BE41-FB4FF2906A05}.Debug|x64.Build.0 = Debug|Any CPU
		{986FCBD3-2A69-4012-BE41-FB4FF2906A05}.Debug|x86.ActiveCfg = Debug|Any CPU
		{986FCBD3-2A69-4012-BE41-FB4FF2906A05}.Debug|x86.Build.0 = Debug|Any CPU
		{986FCBD3-2A69-4012-BE41-FB4FF2906A05}.Release|Any CPU.ActiveCfg = Release|Any CPU
		{986FCBD3-2A69-4012-BE41-FB4FF2906A05}.Release|Any CPU.Build.0 = Release|Any CPU
		{986FCBD3-2A69-4012-BE41-FB4FF2906A05}.Release|x64.ActiveCfg = Release|Any CPU
		{986FCBD3-2A69-4012-BE41-FB4FF2906A05}.Release|x64.Build.0 = Release|Any CPU
		{986FCBD3-2A69-4012-BE41-FB4FF2906A05}.Release|x86.ActiveCfg = Release|Any CPU
		{986FCBD3-2A69-4012-BE41-FB4FF2906A05}.Release|x86.Build.0 = Release|Any CPU
		{F7AEE692-A41F-4B64-A659-B3F92EA03429}.Debug|Any CPU.ActiveCfg = Debug|Any CPU
		{F7AEE692-A41F-4B64-A659-B3F92EA03429}.Debug|Any CPU.Build.0 = Debug|Any CPU
		{F7AEE692-A41F-4B64-A659-B3F92EA03429}.Debug|x64.ActiveCfg = Debug|Any CPU
		{F7AEE692-A41F-4B64-A659-B3F92EA03429}.Debug|x64.Build.0 = Debug|Any CPU
		{F7AEE692-A41F-4B64-A659-B3F92EA03429}.Debug|x86.ActiveCfg = Debug|Any CPU
		{F7AEE692-A41F-4B64-A659-B3F92EA03429}.Debug|x86.Build.0 = Debug|Any CPU
		{F7AEE692-A41F-4B64-A659-B3F92EA03429}.Release|Any CPU.ActiveCfg = Release|Any CPU
		{F7AEE692-A41F-4B64-A659-B3F92EA03429}.Release|Any CPU.Build.0 = Release|Any CPU
		{F7AEE692-A41F-4B64-A659-B3F92EA03429}.Release|x64.ActiveCfg = Release|Any CPU
		{F7AEE692-A41F-4B64-A659-B3F92EA03429}.Release|x64.Build.0 = Release|Any CPU
		{F7AEE692-A41F-4B64-A659-B3F92EA03429}.Release|x86.ActiveCfg = Release|Any CPU
		{F7AEE692-A41F-4B64-A659-B3F92EA03429}.Release|x86.Build.0 = Release|Any CPU
		{E3B8831D-A2A2-4575-BA6F-F9B0052BB5F8}.Debug|Any CPU.ActiveCfg = Debug|Any CPU
		{E3B8831D-A2A2-4575-BA6F-F9B0052BB5F8}.Debug|Any CPU.Build.0 = Debug|Any CPU
		{E3B8831D-A2A2-4575-BA6F-F9B0052BB5F8}.Debug|x64.ActiveCfg = Debug|Any CPU
		{E3B8831D-A2A2-4575-BA6F-F9B0052BB5F8}.Debug|x64.Build.0 = Debug|Any CPU
		{E3B8831D-A2A2-4575-BA6F-F9B0052BB5F8}.Debug|x86.ActiveCfg = Debug|Any CPU
		{E3B8831D-A2A2-4575-BA6F-F9B0052BB5F8}.Debug|x86.Build.0 = Debug|Any CPU
		{E3B8831D-A2A2-4575-BA6F-F9B0052BB5F8}.Release|Any CPU.ActiveCfg = Release|Any CPU
		{E3B8831D-A2A2-4575-BA6F-F9B0052BB5F8}.Release|Any CPU.Build.0 = Release|Any CPU
		{E3B8831D-A2A2-4575-BA6F-F9B0052BB5F8}.Release|x64.ActiveCfg = Release|Any CPU
		{E3B8831D-A2A2-4575-BA6F-F9B0052BB5F8}.Release|x64.Build.0 = Release|Any CPU
		{E3B8831D-A2A2-4575-BA6F-F9B0052BB5F8}.Release|x86.ActiveCfg = Release|Any CPU
		{E3B8831D-A2A2-4575-BA6F-F9B0052BB5F8}.Release|x86.Build.0 = Release|Any CPU
		{573938DD-661A-4074-8A62-4FC651E97E13}.Debug|Any CPU.ActiveCfg = Debug|Any CPU
		{573938DD-661A-4074-8A62-4FC651E97E13}.Debug|Any CPU.Build.0 = Debug|Any CPU
		{573938DD-661A-4074-8A62-4FC651E97E13}.Debug|x64.ActiveCfg = Debug|Any CPU
		{573938DD-661A-4074-8A62-4FC651E97E13}.Debug|x64.Build.0 = Debug|Any CPU
		{573938DD-661A-4074-8A62-4FC651E97E13}.Debug|x86.ActiveCfg = Debug|Any CPU
		{573938DD-661A-4074-8A62-4FC651E97E13}.Debug|x86.Build.0 = Debug|Any CPU
		{573938DD-661A-4074-8A62-4FC651E97E13}.Release|Any CPU.ActiveCfg = Release|Any CPU
		{573938DD-661A-4074-8A62-4FC651E97E13}.Release|Any CPU.Build.0 = Release|Any CPU
		{573938DD-661A-4074-8A62-4FC651E97E13}.Release|x64.ActiveCfg = Release|Any CPU
		{573938DD-661A-4074-8A62-4FC651E97E13}.Release|x64.Build.0 = Release|Any CPU
		{573938DD-661A-4074-8A62-4FC651E97E13}.Release|x86.ActiveCfg = Release|Any CPU
		{573938DD-661A-4074-8A62-4FC651E97E13}.Release|x86.Build.0 = Release|Any CPU
		{68B9437E-9CF6-4897-B764-F2B953AF6F65}.Debug|Any CPU.ActiveCfg = Debug|Any CPU
		{68B9437E-9CF6-4897-B764-F2B953AF6F65}.Debug|Any CPU.Build.0 = Debug|Any CPU
		{68B9437E-9CF6-4897-B764-F2B953AF6F65}.Debug|x64.ActiveCfg = Debug|Any CPU
		{68B9437E-9CF6-4897-B764-F2B953AF6F65}.Debug|x64.Build.0 = Debug|Any CPU
		{68B9437E-9CF6-4897-B764-F2B953AF6F65}.Debug|x86.ActiveCfg = Debug|Any CPU
		{68B9437E-9CF6-4897-B764-F2B953AF6F65}.Debug|x86.Build.0 = Debug|Any CPU
		{68B9437E-9CF6-4897-B764-F2B953AF6F65}.Release|Any CPU.ActiveCfg = Release|Any CPU
		{68B9437E-9CF6-4897-B764-F2B953AF6F65}.Release|Any CPU.Build.0 = Release|Any CPU
		{68B9437E-9CF6-4897-B764-F2B953AF6F65}.Release|x64.ActiveCfg = Release|Any CPU
		{68B9437E-9CF6-4897-B764-F2B953AF6F65}.Release|x64.Build.0 = Release|Any CPU
		{68B9437E-9CF6-4897-B764-F2B953AF6F65}.Release|x86.ActiveCfg = Release|Any CPU
		{68B9437E-9CF6-4897-B764-F2B953AF6F65}.Release|x86.Build.0 = Release|Any CPU
		{578D6FC8-C937-4FAE-B776-9E52043BA8E0}.Debug|Any CPU.ActiveCfg = Debug|Any CPU
		{578D6FC8-C937-4FAE-B776-9E52043BA8E0}.Debug|Any CPU.Build.0 = Debug|Any CPU
		{578D6FC8-C937-4FAE-B776-9E52043BA8E0}.Debug|x64.ActiveCfg = Debug|Any CPU
		{578D6FC8-C937-4FAE-B776-9E52043BA8E0}.Debug|x64.Build.0 = Debug|Any CPU
		{578D6FC8-C937-4FAE-B776-9E52043BA8E0}.Debug|x86.ActiveCfg = Debug|Any CPU
		{578D6FC8-C937-4FAE-B776-9E52043BA8E0}.Debug|x86.Build.0 = Debug|Any CPU
		{578D6FC8-C937-4FAE-B776-9E52043BA8E0}.Release|Any CPU.ActiveCfg = Release|Any CPU
		{578D6FC8-C937-4FAE-B776-9E52043BA8E0}.Release|Any CPU.Build.0 = Release|Any CPU
		{578D6FC8-C937-4FAE-B776-9E52043BA8E0}.Release|x64.ActiveCfg = Release|Any CPU
		{578D6FC8-C937-4FAE-B776-9E52043BA8E0}.Release|x64.Build.0 = Release|Any CPU
		{578D6FC8-C937-4FAE-B776-9E52043BA8E0}.Release|x86.ActiveCfg = Release|Any CPU
		{578D6FC8-C937-4FAE-B776-9E52043BA8E0}.Release|x86.Build.0 = Release|Any CPU
		{40DC90EC-D35A-4C66-840F-D3AD9E81BE48}.Debug|Any CPU.ActiveCfg = Debug|Any CPU
		{40DC90EC-D35A-4C66-840F-D3AD9E81BE48}.Debug|Any CPU.Build.0 = Debug|Any CPU
		{40DC90EC-D35A-4C66-840F-D3AD9E81BE48}.Debug|x64.ActiveCfg = Debug|Any CPU
		{40DC90EC-D35A-4C66-840F-D3AD9E81BE48}.Debug|x64.Build.0 = Debug|Any CPU
		{40DC90EC-D35A-4C66-840F-D3AD9E81BE48}.Debug|x86.ActiveCfg = Debug|Any CPU
		{40DC90EC-D35A-4C66-840F-D3AD9E81BE48}.Debug|x86.Build.0 = Debug|Any CPU
		{40DC90EC-D35A-4C66-840F-D3AD9E81BE48}.Release|Any CPU.ActiveCfg = Release|Any CPU
		{40DC90EC-D35A-4C66-840F-D3AD9E81BE48}.Release|Any CPU.Build.0 = Release|Any CPU
		{40DC90EC-D35A-4C66-840F-D3AD9E81BE48}.Release|x64.ActiveCfg = Release|Any CPU
		{40DC90EC-D35A-4C66-840F-D3AD9E81BE48}.Release|x64.Build.0 = Release|Any CPU
		{40DC90EC-D35A-4C66-840F-D3AD9E81BE48}.Release|x86.ActiveCfg = Release|Any CPU
		{40DC90EC-D35A-4C66-840F-D3AD9E81BE48}.Release|x86.Build.0 = Release|Any CPU
		{62DF62AB-A5F6-4315-BC50-4A6C1B2808C5}.Debug|Any CPU.ActiveCfg = Debug|Any CPU
		{62DF62AB-A5F6-4315-BC50-4A6C1B2808C5}.Debug|Any CPU.Build.0 = Debug|Any CPU
		{62DF62AB-A5F6-4315-BC50-4A6C1B2808C5}.Debug|x64.ActiveCfg = Debug|Any CPU
		{62DF62AB-A5F6-4315-BC50-4A6C1B2808C5}.Debug|x64.Build.0 = Debug|Any CPU
		{62DF62AB-A5F6-4315-BC50-4A6C1B2808C5}.Debug|x86.ActiveCfg = Debug|Any CPU
		{62DF62AB-A5F6-4315-BC50-4A6C1B2808C5}.Debug|x86.Build.0 = Debug|Any CPU
		{62DF62AB-A5F6-4315-BC50-4A6C1B2808C5}.Release|Any CPU.ActiveCfg = Release|Any CPU
		{62DF62AB-A5F6-4315-BC50-4A6C1B2808C5}.Release|Any CPU.Build.0 = Release|Any CPU
		{62DF62AB-A5F6-4315-BC50-4A6C1B2808C5}.Release|x64.ActiveCfg = Release|Any CPU
		{62DF62AB-A5F6-4315-BC50-4A6C1B2808C5}.Release|x64.Build.0 = Release|Any CPU
		{62DF62AB-A5F6-4315-BC50-4A6C1B2808C5}.Release|x86.ActiveCfg = Release|Any CPU
		{62DF62AB-A5F6-4315-BC50-4A6C1B2808C5}.Release|x86.Build.0 = Release|Any CPU
	EndGlobalSection
	GlobalSection(SolutionProperties) = preSolution
		HideSolutionNode = FALSE
	EndGlobalSection
	GlobalSection(NestedProjects) = preSolution
		{ACA106C6-039B-425C-89F9-7FE9042DC3C3} = {A1B2C3D4-E5F6-7890-ABCD-EF1234567890}
		{C4F23A9E-7E08-45E5-927C-78EBA1994127} = {B2C3D4E5-F6A7-8901-BCDE-F12345678901}
		{986FCBD3-2A69-4012-BE41-FB4FF2906A05} = {B2C3D4E5-F6A7-8901-BCDE-F12345678901}
		{F7AEE692-A41F-4B64-A659-B3F92EA03429} = {B2C3D4E5-F6A7-8901-BCDE-F12345678901}
		{E3B8831D-A2A2-4575-BA6F-F9B0052BB5F8} = {B2C3D4E5-F6A7-8901-BCDE-F12345678901}
		{573938DD-661A-4074-8A62-4FC651E97E13} = {B2C3D4E5-F6A7-8901-BCDE-F12345678901}
		{68B9437E-9CF6-4897-B764-F2B953AF6F65} = {B2C3D4E5-F6A7-8901-BCDE-F12345678901}
		{578D6FC8-C937-4FAE-B776-9E52043BA8E0} = {B2C3D4E5-F6A7-8901-BCDE-F12345678901}
		{40DC90EC-D35A-4C66-840F-D3AD9E81BE48} = {C3D4E5F6-A7B8-9012-CDEF-123456789012}
		{62DF62AB-A5F6-4315-BC50-4A6C1B2808C5} = {D4E5F6A7-B8C9-0123-DEF0-234567890123}
	EndGlobalSection
	GlobalSection(ExtensibilityGlobals) = postSolution
		SolutionGuid = {960F4C21-B8CA-430B-B315-E5661C1C44B6}
	EndGlobalSection
EndGlobal
